
Microsoft Visual Studio Solution File, Format Version 12.00
# Visual Studio 14
VisualStudioVersion = 14.0.25420.1
MinimumVisualStudioVersion = 10.0.40219.1
Project("{FAE04EC0-301F-11D3-BF4B-00C04F79EFBC}") = "AbstractProject", "AbstractProject\AbstractProject.csproj", "{3D2BD091-EBCC-4A9C-ACC1-0BDFFA1D9E4F}"
EndProject
Project("{FAE04EC0-301F-11D3-BF4B-00C04F79EFBC}") = "Interfaces", "Interfaces\Interfaces.csproj", "{5E586C21-F875-49B5-9C0B-48B7A23B1A99}"
EndProject
Project("{FAE04EC0-301F-11D3-BF4B-00C04F79EFBC}") = "Inheritance", "Inheritance\Inheritance.csproj", "{0E647FFD-3792-4D5A-A8B9-9E992F7D2368}"
EndProject
Project("{FAE04EC0-301F-11D3-BF4B-00C04F79EFBC}") = "MultipleInheritance", "MultipleInheritance\MultipleInheritance.csproj", "{02B950BE-C1AC-480D-A168-679E20D6908C}"
EndProject
Project("{FAE04EC0-301F-11D3-BF4B-00C04F79EFBC}") = "Enumeration", "Enumeration\Enumeration.csproj", "{EEFD3C71-9626-4624-AA5E-F070C4FA845E}"
EndProject
Project("{FAE04EC0-301F-11D3-BF4B-00C04F79EFBC}") = "MethodOverloading", "MethodOverloading\MethodOverloading.csproj", "{8CC513D5-252E-4ED0-8ECB-1D2B152D6A47}"
EndProject
Project("{FAE04EC0-301F-11D3-BF4B-00C04F79EFBC}") = "StaticDemo", "StaticDemo\StaticDemo.csproj", "{EFBAD097-0CB3-45C4-8319-F6A8D1C2F1B8}"
EndProject
Project("{FAE04EC0-301F-11D3-BF4B-00C04F79EFBC}") = "Destructor", "Destructor\Destructor.csproj", "{EA9CCB51-AB5A-4828-AB83-2AA0729A58D6}"
EndProject
Global
	GlobalSection(SolutionConfigurationPlatforms) = preSolution
		Debug|Any CPU = Debug|Any CPU
		Release|Any CPU = Release|Any CPU
	EndGlobalSection
	GlobalSection(ProjectConfigurationPlatforms) = postSolution
		{3D2BD091-EBCC-4A9C-ACC1-0BDFFA1D9E4F}.Debug|Any CPU.ActiveCfg = Debug|Any CPU
		{3D2BD091-EBCC-4A9C-ACC1-0BDFFA1D9E4F}.Debug|Any CPU.Build.0 = Debug|Any CPU
		{3D2BD091-EBCC-4A9C-ACC1-0BDFFA1D9E4F}.Release|Any CPU.ActiveCfg = Release|Any CPU
		{3D2BD091-EBCC-4A9C-ACC1-0BDFFA1D9E4F}.Release|Any CPU.Build.0 = Release|Any CPU
		{5E586C21-F875-49B5-9C0B-48B7A23B1A99}.Debug|Any CPU.ActiveCfg = Debug|Any CPU
		{5E586C21-F875-49B5-9C0B-48B7A23B1A99}.Debug|Any CPU.Build.0 = Debug|Any CPU
		{5E586C21-F875-49B5-9C0B-48B7A23B1A99}.Release|Any CPU.ActiveCfg = Release|Any CPU
		{5E586C21-F875-49B5-9C0B-48B7A23B1A99}.Release|Any CPU.Build.0 = Release|Any CPU
		{0E647FFD-3792-4D5A-A8B9-9E992F7D2368}.Debug|Any CPU.ActiveCfg = Debug|Any CPU
		{0E647FFD-3792-4D5A-A8B9-9E992F7D2368}.Debug|Any CPU.Build.0 = Debug|Any CPU
		{0E647FFD-3792-4D5A-A8B9-9E992F7D2368}.Release|Any CPU.ActiveCfg = Release|Any CPU
		{0E647FFD-3792-4D5A-A8B9-9E992F7D2368}.Release|Any CPU.Build.0 = Release|Any CPU
		{02B950BE-C1AC-480D-A168-679E20D6908C}.Debug|Any CPU.ActiveCfg = Debug|Any CPU
		{02B950BE-C1AC-480D-A168-679E20D6908C}.Debug|Any CPU.Build.0 = Debug|Any CPU
		{02B950BE-C1AC-480D-A168-679E20D6908C}.Release|Any CPU.ActiveCfg = Release|Any CPU
		{02B950BE-C1AC-480D-A168-679E20D6908C}.Release|Any CPU.Build.0 = Release|Any CPU
		{EEFD3C71-9626-4624-AA5E-F070C4FA845E}.Debug|Any CPU.ActiveCfg = Debug|Any CPU
		{EEFD3C71-9626-4624-AA5E-F070C4FA845E}.Debug|Any CPU.Build.0 = Debug|Any CPU
		{EEFD3C71-9626-4624-AA5E-F070C4FA845E}.Release|Any CPU.ActiveCfg = Release|Any CPU
		{EEFD3C71-9626-4624-AA5E-F070C4FA845E}.Release|Any CPU.Build.0 = Release|Any CPU
		{8CC513D5-252E-4ED0-8ECB-1D2B152D6A47}.Debug|Any CPU.ActiveCfg = Debug|Any CPU
		{8CC513D5-252E-4ED0-8ECB-1D2B152D6A47}.Debug|Any CPU.Build.0 = Debug|Any CPU
		{8CC513D5-252E-4ED0-8ECB-1D2B152D6A47}.Release|Any CPU.ActiveCfg = Release|Any CPU
		{8CC513D5-252E-4ED0-8ECB-1D2B152D6A47}.Release|Any CPU.Build.0 = Release|Any CPU
		{EFBAD097-0CB3-45C4-8319-F6A8D1C2F1B8}.Debug|Any CPU.ActiveCfg = Debug|Any CPU
		{EFBAD097-0CB3-45C4-8319-F6A8D1C2F1B8}.Debug|Any CPU.Build.0 = Debug|Any CPU
		{EFBAD097-0CB3-45C4-8319-F6A8D1C2F1B8}.Release|Any CPU.ActiveCfg = Release|Any CPU
		{EFBAD097-0CB3-45C4-8319-F6A8D1C2F1B8}.Release|Any CPU.Build.0 = Release|Any CPU
		{EA9CCB51-AB5A-4828-AB83-2AA0729A58D6}.Debug|Any CPU.ActiveCfg = Debug|Any CPU
		{EA9CCB51-AB5A-4828-AB83-2AA0729A58D6}.Debug|Any CPU.Build.0 = Debug|Any CPU
		{EA9CCB51-AB5A-4828-AB83-2AA0729A58D6}.Release|Any CPU.ActiveCfg = Release|Any CPU
		{EA9CCB51-AB5A-4828-AB83-2AA0729A58D6}.Release|Any CPU.Build.0 = Release|Any CPU
	EndGlobalSection
	GlobalSection(SolutionProperties) = preSolution
		HideSolutionNode = FALSE
	EndGlobalSection
EndGlobal
